
Microsoft Visual Studio Solution File, Format Version 12.00
# Visual Studio Version 17
VisualStudioVersion = 17.3.32819.101
MinimumVisualStudioVersion = 10.0.40219.1
Project("{FAE04EC0-301F-11D3-BF4B-00C04F79EFBC}") = "ETCDatabase", "ETCDatabase\ETCDatabase.csproj", "{0568B9B5-D403-4830-827B-EC991B032D52}"
EndProject
Global
	GlobalSection(SolutionConfigurationPlatforms) = preSolution
		Debug|Any CPU = Debug|Any CPU
		Release|Any CPU = Release|Any CPU
	EndGlobalSection
	GlobalSection(ProjectConfigurationPlatforms) = postSolution
		{0568B9B5-D403-4830-827B-EC991B032D52}.Debug|Any CPU.ActiveCfg = Debug|Any CPU
		{0568B9B5-D403-4830-827B-EC991B032D52}.Debug|Any CPU.Build.0 = Debug|Any CPU
		{0568B9B5-D403-4830-827B-EC991B032D52}.Release|Any CPU.ActiveCfg = Release|Any CPU
		{0568B9B5-D403-4830-827B-EC991B032D52}.Release|Any CPU.Build.0 = Release|Any CPU
	EndGlobalSection
	GlobalSection(SolutionProperties) = preSolution
		HideSolutionNode = FALSE
	EndGlobalSection
	GlobalSection(ExtensibilityGlobals) = postSolution
		SolutionGuid = {A660FE23-EB2C-44D3-80BC-FDFAFD5497C7}
	EndGlobalSection
EndGlobal
